
Microsoft Visual Studio Solution File, Format Version 12.00
# Visual Studio Version 17
VisualStudioVersion = 17.0.31903.59
MinimumVisualStudioVersion = 10.0.40219.1
Project("{FAE04EC0-301F-11D3-BF4B-00C04F79EFBC}") = "Librio.Domain", "Librio.Domain\Librio.Domain.csproj", "{CC8C6C21-AD51-4399-A357-9FD3A4ED9BA9}"
EndProject
Project("{FAE04EC0-301F-11D3-BF4B-00C04F79EFBC}") = "Librio.Application", "Librio.Application\Librio.Application.csproj", "{6598B29E-752A-4C84-9E85-A0A883503851}"
EndProject
Project("{FAE04EC0-301F-11D3-BF4B-00C04F79EFBC}") = "Librio.Infrastructure", "Librio.Infrastructure\Librio.Infrastructure.csproj", "{29525052-27AF-45A5-A08A-A41CAF253104}"
EndProject
Project("{FAE04EC0-301F-11D3-BF4B-00C04F79EFBC}") = "Librio.Desktop", "Librio.Desktop\Librio.Desktop.csproj", "{1531F9C5-F15A-41E7-8D0A-857F1ED4CF58}"
EndProject
Global
	GlobalSection(SolutionConfigurationPlatforms) = preSolution
		Debug|Any CPU = Debug|Any CPU
		Debug|x64 = Debug|x64
		Debug|x86 = Debug|x86
		Release|Any CPU = Release|Any CPU
		Release|x64 = Release|x64
		Release|x86 = Release|x86
	EndGlobalSection
	GlobalSection(ProjectConfigurationPlatforms) = postSolution
		{CC8C6C21-AD51-4399-A357-9FD3A4ED9BA9}.Debug|Any CPU.ActiveCfg = Debug|Any CPU
		{CC8C6C21-AD51-4399-A357-9FD3A4ED9BA9}.Debug|Any CPU.Build.0 = Debug|Any CPU
		{CC8C6C21-AD51-4399-A357-9FD3A4ED9BA9}.Debug|x64.ActiveCfg = Debug|Any CPU
		{CC8C6C21-AD51-4399-A357-9FD3A4ED9BA9}.Debug|x64.Build.0 = Debug|Any CPU
		{CC8C6C21-AD51-4399-A357-9FD3A4ED9BA9}.Debug|x86.ActiveCfg = Debug|Any CPU
		{CC8C6C21-AD51-4399-A357-9FD3A4ED9BA9}.Debug|x86.Build.0 = Debug|Any CPU
		{CC8C6C21-AD51-4399-A357-9FD3A4ED9BA9}.Release|Any CPU.ActiveCfg = Release|Any CPU
		{CC8C6C21-AD51-4399-A357-9FD3A4ED9BA9}.Release|Any CPU.Build.0 = Release|Any CPU
		{CC8C6C21-AD51-4399-A357-9FD3A4ED9BA9}.Release|x64.ActiveCfg = Release|Any CPU
		{CC8C6C21-AD51-4399-A357-9FD3A4ED9BA9}.Release|x64.Build.0 = Release|Any CPU
		{CC8C6C21-AD51-4399-A357-9FD3A4ED9BA9}.Release|x86.ActiveCfg = Release|Any CPU
		{CC8C6C21-AD51-4399-A357-9FD3A4ED9BA9}.Release|x86.Build.0 = Release|Any CPU
		{6598B29E-752A-4C84-9E85-A0A883503851}.Debug|Any CPU.ActiveCfg = Debug|Any CPU
		{6598B29E-752A-4C84-9E85-A0A883503851}.Debug|Any CPU.Build.0 = Debug|Any CPU
		{6598B29E-752A-4C84-9E85-A0A883503851}.Debug|x64.ActiveCfg = Debug|Any CPU
		{6598B29E-752A-4C84-9E85-A0A883503851}.Debug|x64.Build.0 = Debug|Any CPU
		{6598B29E-752A-4C84-9E85-A0A883503851}.Debug|x86.ActiveCfg = Debug|Any CPU
		{6598B29E-752A-4C84-9E85-A0A883503851}.Debug|x86.Build.0 = Debug|Any CPU
		{6598B29E-752A-4C84-9E85-A0A883503851}.Release|Any CPU.ActiveCfg = Release|Any CPU
		{6598B29E-752A-4C84-9E85-A0A883503851}.Release|Any CPU.Build.0 = Release|Any CPU
		{6598B29E-752A-4C84-9E85-A0A883503851}.Release|x64.ActiveCfg = Release|Any CPU
		{6598B29E-752A-4C84-9E85-A0A883503851}.Release|x64.Build.0 = Release|Any CPU
		{6598B29E-752A-4C84-9E85-A0A883503851}.Release|x86.ActiveCfg = Release|Any CPU
		{6598B29E-752A-4C84-9E85-A0A883503851}.Release|x86.Build.0 = Release|Any CPU
		{29525052-27AF-45A5-A08A-A41CAF253104}.Debug|Any CPU.ActiveCfg = Debug|Any CPU
		{29525052-27AF-45A5-A08A-A41CAF253104}.Debug|Any CPU.Build.0 = Debug|Any CPU
		{29525052-27AF-45A5-A08A-A41CAF253104}.Debug|x64.ActiveCfg = Debug|Any CPU
		{29525052-27AF-45A5-A08A-A41CAF253104}.Debug|x64.Build.0 = Debug|Any CPU
		{29525052-27AF-45A5-A08A-A41CAF253104}.Debug|x86.ActiveCfg = Debug|Any CPU
		{29525052-27AF-45A5-A08A-A41CAF253104}.Debug|x86.Build.0 = Debug|Any CPU
		{29525052-27AF-45A5-A08A-A41CAF253104}.Release|Any CPU.ActiveCfg = Release|Any CPU
		{29525052-27AF-45A5-A08A-A41CAF253104}.Release|Any CPU.Build.0 = Release|Any CPU
		{29525052-27AF-45A5-A08A-A41CAF253104}.Release|x64.ActiveCfg = Release|Any CPU
		{29525052-27AF-45A5-A08A-A41CAF253104}.Release|x64.Build.0 = Release|Any CPU
		{29525052-27AF-45A5-A08A-A41CAF253104}.Release|x86.ActiveCfg = Release|Any CPU
		{29525052-27AF-45A5-A08A-A41CAF253104}.Release|x86.Build.0 = Release|Any CPU
		{1531F9C5-F15A-41E7-8D0A-857F1ED4CF58}.Debug|Any CPU.ActiveCfg = Debug|Any CPU
		{1531F9C5-F15A-41E7-8D0A-857F1ED4CF58}.Debug|Any CPU.Build.0 = Debug|Any CPU
		{1531F9C5-F15A-41E7-8D0A-857F1ED4CF58}.Debug|x64.ActiveCfg = Debug|Any CPU
		{1531F9C5-F15A-41E7-8D0A-857F1ED4CF58}.Debug|x64.Build.0 = Debug|Any CPU
		{1531F9C5-F15A-41E7-8D0A-857F1ED4CF58}.Debug|x86.ActiveCfg = Debug|Any CPU
		{1531F9C5-F15A-41E7-8D0A-857F1ED4CF58}.Debug|x86.Build.0 = Debug|Any CPU
		{1531F9C5-F15A-41E7-8D0A-857F1ED4CF58}.Release|Any CPU.ActiveCfg = Release|Any CPU
		{1531F9C5-F15A-41E7-8D0A-857F1ED4CF58}.Release|Any CPU.Build.0 = Release|Any CPU
		{1531F9C5-F15A-41E7-8D0A-857F1ED4CF58}.Release|x64.ActiveCfg = Release|Any CPU
		{1531F9C5-F15A-41E7-8D0A-857F1ED4CF58}.Release|x64.Build.0 = Release|Any CPU
		{1531F9C5-F15A-41E7-8D0A-857F1ED4CF58}.Release|x86.ActiveCfg = Release|Any CPU
		{1531F9C5-F15A-41E7-8D0A-857F1ED4CF58}.Release|x86.Build.0 = Release|Any CPU
	EndGlobalSection
	GlobalSection(SolutionProperties) = preSolution
		HideSolutionNode = FALSE
	EndGlobalSection
EndGlobal
